
Microsoft Visual Studio Solution File, Format Version 12.00
# Visual Studio Version 17
VisualStudioVersion = 17.5.002.0
MinimumVisualStudioVersion = 10.0.40219.1
Project("{2150E333-8FDC-42A3-9474-1A3956D46DE8}") = "csharp-prep", "csharp-prep", "{FCA509B1-4950-4BBB-96F3-2A850E2DE353}"
EndProject
Project("{9A19103F-16F7-4668-BE54-9A1E7A4F7556}") = "Prep1", "csharp-prep\Prep1\Prep1.csproj", "{EDFA9CC0-3EBB-4BF7-A02C-769DCD5D4D67}"
EndProject
Project("{9A19103F-16F7-4668-BE54-9A1E7A4F7556}") = "Prep2", "csharp-prep\Prep2\Prep2.csproj", "{E658E01B-BACB-439A-9084-80CA020D9E1A}"
EndProject
Project("{9A19103F-16F7-4668-BE54-9A1E7A4F7556}") = "Prep3", "csharp-prep\Prep3\Prep3.csproj", "{ACC88DD4-E6C2-468D-BB50-F37B83A00FDE}"
EndProject
Project("{9A19103F-16F7-4668-BE54-9A1E7A4F7556}") = "Prep4", "csharp-prep\Prep4\Prep4.csproj", "{8DC58415-BD69-4D76-A9F0-FC273822190E}"
EndProject
Project("{9A19103F-16F7-4668-BE54-9A1E7A4F7556}") = "Prep5", "csharp-prep\Prep5\Prep5.csproj", "{C74FBFFD-EA87-4C51-B3AC-B12D882EC1C6}"
EndProject
Project("{2150E333-8FDC-42A3-9474-1A3956D46DE8}") = "final", "final", "{2E6430D0-76B3-4C73-BD81-8F38797CE56F}"
EndProject
Project("{9A19103F-16F7-4668-BE54-9A1E7A4F7556}") = "FinalProject", "final\FinalProject\FinalProject.csproj", "{60EC2ADA-6127-4BFD-A465-3E26BDC306EF}"
EndProject
Project("{9A19103F-16F7-4668-BE54-9A1E7A4F7556}") = "Foundation1", "final\Foundation1\Foundation1.csproj", "{039D5F0B-7D48-4C4B-BC86-D21F5F2A5C6E}"
EndProject
Project("{9A19103F-16F7-4668-BE54-9A1E7A4F7556}") = "Foundation2", "final\Foundation2\Foundation2.csproj", "{5E80CE52-7206-4D21-8F7D-D2841B2FCAEE}"
EndProject
Project("{9A19103F-16F7-4668-BE54-9A1E7A4F7556}") = "Foundation3", "final\Foundation3\Foundation3.csproj", "{7DF40EE4-FBD8-479E-857E-19155194F2AA}"
EndProject
Project("{9A19103F-16F7-4668-BE54-9A1E7A4F7556}") = "Foundation4", "final\Foundation4\Foundation4.csproj", "{958979CA-2D78-4567-B595-BA613EDCCBAE}"
EndProject
Project("{2150E333-8FDC-42A3-9474-1A3956D46DE8}") = "prepare", "prepare", "{7F6649CD-4952-49AF-8A15-9C5614ABFFCA}"
EndProject
Project("{9A19103F-16F7-4668-BE54-9A1E7A4F7556}") = "Learning02", "prepare\Learning02\Learning02.csproj", "{7E7D5C2C-7E8A-44BD-AFBA-F60C0D9CCB73}"
EndProject
Project("{9A19103F-16F7-4668-BE54-9A1E7A4F7556}") = "Learning03", "prepare\Learning03\Learning03.csproj", "{282A5234-5AF2-437C-8F7D-E11ACAB6C6E1}"
EndProject
Project("{9A19103F-16F7-4668-BE54-9A1E7A4F7556}") = "Learning04", "prepare\Learning04\Learning04.csproj", "{0ACB8281-EDA8-4664-ADFD-E7F5B8709795}"
EndProject
Project("{9A19103F-16F7-4668-BE54-9A1E7A4F7556}") = "Learning05", "prepare\Learning05\Learning05.csproj", "{FB419379-7DB0-4999-BD5A-522D7BABD20A}"
EndProject
Project("{2150E333-8FDC-42A3-9474-1A3956D46DE8}") = "prove", "prove", "{170EDB41-DE73-4510-B8DC-7F6407FE7C73}"
EndProject
Project("{9A19103F-16F7-4668-BE54-9A1E7A4F7556}") = "Develop02", "prove\Develop02\Develop02.csproj", "{7AEBD406-13F5-491B-8647-186D816A6E13}"
EndProject
Project("{9A19103F-16F7-4668-BE54-9A1E7A4F7556}") = "Develop03", "prove\Develop03\Develop03.csproj", "{7332ADDB-7D3F-4D45-B1B5-CDD6CC5CDB85}"
EndProject
Project("{9A19103F-16F7-4668-BE54-9A1E7A4F7556}") = "Develop04", "prove\Develop04\Develop04.csproj", "{269AB8BB-A16A-49FD-8764-E45AC5ABF8E3}"
EndProject
Project("{9A19103F-16F7-4668-BE54-9A1E7A4F7556}") = "Develop05", "prove\Develop05\Develop05.csproj", "{67A0B523-3DE5-458E-AEF2-F573651E63EC}"
EndProject
Project("{2150E333-8FDC-42A3-9474-1A3956D46DE8}") = "sandbox", "sandbox", "{58C25547-01C4-4030-ADE1-5B3D0F36DF74}"
EndProject
Project("{9A19103F-16F7-4668-BE54-9A1E7A4F7556}") = "Sandbox", "sandbox\Sandbox\Sandbox.csproj", "{5649FD38-9C02-4F57-AB1A-DFDE1E48F6A4}"
EndProject
Global
	GlobalSection(SolutionConfigurationPlatforms) = preSolution
		Debug|Any CPU = Debug|Any CPU
		Release|Any CPU = Release|Any CPU
	EndGlobalSection
	GlobalSection(ProjectConfigurationPlatforms) = postSolution
		{EDFA9CC0-3EBB-4BF7-A02C-769DCD5D4D67}.Debug|Any CPU.ActiveCfg = Debug|Any CPU
		{EDFA9CC0-3EBB-4BF7-A02C-769DCD5D4D67}.Debug|Any CPU.Build.0 = Debug|Any CPU
		{EDFA9CC0-3EBB-4BF7-A02C-769DCD5D4D67}.Release|Any CPU.ActiveCfg = Release|Any CPU
		{EDFA9CC0-3EBB-4BF7-A02C-769DCD5D4D67}.Release|Any CPU.Build.0 = Release|Any CPU
		{E658E01B-BACB-439A-9084-80CA020D9E1A}.Debug|Any CPU.ActiveCfg = Debug|Any CPU
		{E658E01B-BACB-439A-9084-80CA020D9E1A}.Debug|Any CPU.Build.0 = Debug|Any CPU
		{E658E01B-BACB-439A-9084-80CA020D9E1A}.Release|Any CPU.ActiveCfg = Release|Any CPU
		{E658E01B-BACB-439A-9084-80CA020D9E1A}.Release|Any CPU.Build.0 = Release|Any CPU
		{ACC88DD4-E6C2-468D-BB50-F37B83A00FDE}.Debug|Any CPU.ActiveCfg = Debug|Any CPU
		{ACC88DD4-E6C2-468D-BB50-F37B83A00FDE}.Debug|Any CPU.Build.0 = Debug|Any CPU
		{ACC88DD4-E6C2-468D-BB50-F37B83A00FDE}.Release|Any CPU.ActiveCfg = Release|Any CPU
		{ACC88DD4-E6C2-468D-BB50-F37B83A00FDE}.Release|Any CPU.Build.0 = Release|Any CPU
		{8DC58415-BD69-4D76-A9F0-FC273822190E}.Debug|Any CPU.ActiveCfg = Debug|Any CPU
		{8DC58415-BD69-4D76-A9F0-FC273822190E}.Debug|Any CPU.Build.0 = Debug|Any CPU
		{8DC58415-BD69-4D76-A9F0-FC273822190E}.Release|Any CPU.ActiveCfg = Release|Any CPU
		{8DC58415-BD69-4D76-A9F0-FC273822190E}.Release|Any CPU.Build.0 = Release|Any CPU
		{C74FBFFD-EA87-4C51-B3AC-B12D882EC1C6}.Debug|Any CPU.ActiveCfg = Debug|Any CPU
		{C74FBFFD-EA87-4C51-B3AC-B12D882EC1C6}.Debug|Any CPU.Build.0 = Debug|Any CPU
		{C74FBFFD-EA87-4C51-B3AC-B12D882EC1C6}.Release|Any CPU.ActiveCfg = Release|Any CPU
		{C74FBFFD-EA87-4C51-B3AC-B12D882EC1C6}.Release|Any CPU.Build.0 = Release|Any CPU
		{60EC2ADA-6127-4BFD-A465-3E26BDC306EF}.Debug|Any CPU.ActiveCfg = Debug|Any CPU
		{60EC2ADA-6127-4BFD-A465-3E26BDC306EF}.Debug|Any CPU.Build.0 = Debug|Any CPU
		{60EC2ADA-6127-4BFD-A465-3E26BDC306EF}.Release|Any CPU.ActiveCfg = Release|Any CPU
		{60EC2ADA-6127-4BFD-A465-3E26BDC306EF}.Release|Any CPU.Build.0 = Release|Any CPU
		{039D5F0B-7D48-4C4B-BC86-D21F5F2A5C6E}.Debug|Any CPU.ActiveCfg = Debug|Any CPU
		{039D5F0B-7D48-4C4B-BC86-D21F5F2A5C6E}.Debug|Any CPU.Build.0 = Debug|Any CPU
		{039D5F0B-7D48-4C4B-BC86-D21F5F2A5C6E}.Release|Any CPU.ActiveCfg = Release|Any CPU
		{039D5F0B-7D48-4C4B-BC86-D21F5F2A5C6E}.Release|Any CPU.Build.0 = Release|Any CPU
		{5E80CE52-7206-4D21-8F7D-D2841B2FCAEE}.Debug|Any CPU.ActiveCfg = Debug|Any CPU
		{5E80CE52-7206-4D21-8F7D-D2841B2FCAEE}.Debug|Any CPU.Build.0 = Debug|Any CPU
		{5E80CE52-7206-4D21-8F7D-D2841B2FCAEE}.Release|Any CPU.ActiveCfg = Release|Any CPU
		{5E80CE52-7206-4D21-8F7D-D2841B2FCAEE}.Release|Any CPU.Build.0 = Release|Any CPU
		{7DF40EE4-FBD8-479E-857E-19155194F2AA}.Debug|Any CPU.ActiveCfg = Debug|Any CPU
		{7DF40EE4-FBD8-479E-857E-19155194F2AA}.Debug|Any CPU.Build.0 = Debug|Any CPU
		{7DF40EE4-FBD8-479E-857E-19155194F2AA}.Release|Any CPU.ActiveCfg = Release|Any CPU
		{7DF40EE4-FBD8-479E-857E-19155194F2AA}.Release|Any CPU.Build.0 = Release|Any CPU
		{958979CA-2D78-4567-B595-BA613EDCCBAE}.Debug|Any CPU.ActiveCfg = Debug|Any CPU
		{958979CA-2D78-4567-B595-BA613EDCCBAE}.Debug|Any CPU.Build.0 = Debug|Any CPU
		{958979CA-2D78-4567-B595-BA613EDCCBAE}.Release|Any CPU.ActiveCfg = Release|Any CPU
		{958979CA-2D78-4567-B595-BA613EDCCBAE}.Release|Any CPU.Build.0 = Release|Any CPU
		{7E7D5C2C-7E8A-44BD-AFBA-F60C0D9CCB73}.Debug|Any CPU.ActiveCfg = Debug|Any CPU
		{7E7D5C2C-7E8A-44BD-AFBA-F60C0D9CCB73}.Debug|Any CPU.Build.0 = Debug|Any CPU
		{7E7D5C2C-7E8A-44BD-AFBA-F60C0D9CCB73}.Release|Any CPU.ActiveCfg = Release|Any CPU
		{7E7D5C2C-7E8A-44BD-AFBA-F60C0D9CCB73}.Release|Any CPU.Build.0 = Release|Any CPU
		{282A5234-5AF2-437C-8F7D-E11ACAB6C6E1}.Debug|Any CPU.ActiveCfg = Debug|Any CPU
		{282A5234-5AF2-437C-8F7D-E11ACAB6C6E1}.Debug|Any CPU.Build.0 = Debug|Any CPU
		{282A5234-5AF2-437C-8F7D-E11ACAB6C6E1}.Release|Any CPU.ActiveCfg = Release|Any CPU
		{282A5234-5AF2-437C-8F7D-E11ACAB6C6E1}.Release|Any CPU.Build.0 = Release|Any CPU
		{0ACB8281-EDA8-4664-ADFD-E7F5B8709795}.Debug|Any CPU.ActiveCfg = Debug|Any CPU
		{0ACB8281-EDA8-4664-ADFD-E7F5B8709795}.Debug|Any CPU.Build.0 = Debug|Any CPU
		{0ACB8281-EDA8-4664-ADFD-E7F5B8709795}.Release|Any CPU.ActiveCfg = Release|Any CPU
		{0ACB8281-EDA8-4664-ADFD-E7F5B8709795}.Release|Any CPU.Build.0 = Release|Any CPU
		{FB419379-7DB0-4999-BD5A-522D7BABD20A}.Debug|Any CPU.ActiveCfg = Debug|Any CPU
		{FB419379-7DB0-4999-BD5A-522D7BABD20A}.Debug|Any CPU.Build.0 = Debug|Any CPU
		{FB419379-7DB0-4999-BD5A-522D7BABD20A}.Release|Any CPU.ActiveCfg = Release|Any CPU
		{FB419379-7DB0-4999-BD5A-522D7BABD20A}.Release|Any CPU.Build.0 = Release|Any CPU
		{7AEBD406-13F5-491B-8647-186D816A6E13}.Debug|Any CPU.ActiveCfg = Debug|Any CPU
		{7AEBD406-13F5-491B-8647-186D816A6E13}.Debug|Any CPU.Build.0 = Debug|Any CPU
		{7AEBD406-13F5-491B-8647-186D816A6E13}.Release|Any CPU.ActiveCfg = Release|Any CPU
		{7AEBD406-13F5-491B-8647-186D816A6E13}.Release|Any CPU.Build.0 = Release|Any CPU
		{7332ADDB-7D3F-4D45-B1B5-CDD6CC5CDB85}.Debug|Any CPU.ActiveCfg = Debug|Any CPU
		{7332ADDB-7D3F-4D45-B1B5-CDD6CC5CDB85}.Debug|Any CPU.Build.0 = Debug|Any CPU
		{7332ADDB-7D3F-4D45-B1B5-CDD6CC5CDB85}.Release|Any CPU.ActiveCfg = Release|Any CPU
		{7332ADDB-7D3F-4D45-B1B5-CDD6CC5CDB85}.Release|Any CPU.Build.0 = Release|Any CPU
		{269AB8BB-A16A-49FD-8764-E45AC5ABF8E3}.Debug|Any CPU.ActiveCfg = Debug|Any CPU
		{269AB8BB-A16A-49FD-8764-E45AC5ABF8E3}.Debug|Any CPU.Build.0 = Debug|Any CPU
		{269AB8BB-A16A-49FD-8764-E45AC5ABF8E3}.Release|Any CPU.ActiveCfg = Release|Any CPU
		{269AB8BB-A16A-49FD-8764-E45AC5ABF8E3}.Release|Any CPU.Build.0 = Release|Any CPU
		{67A0B523-3DE5-458E-AEF2-F573651E63EC}.Debug|Any CPU.ActiveCfg = Debug|Any CPU
		{67A0B523-3DE5-458E-AEF2-F573651E63EC}.Debug|Any CPU.Build.0 = Debug|Any CPU
		{67A0B523-3DE5-458E-AEF2-F573651E63EC}.Release|Any CPU.ActiveCfg = Release|Any CPU
		{67A0B523-3DE5-458E-AEF2-F573651E63EC}.Release|Any CPU.Build.0 = Release|Any CPU
		{5649FD38-9C02-4F57-AB1A-DFDE1E48F6A4}.Debug|Any CPU.ActiveCfg = Debug|Any CPU
		{5649FD38-9C02-4F57-AB1A-DFDE1E48F6A4}.Debug|Any CPU.Build.0 = Debug|Any CPU
		{5649FD38-9C02-4F57-AB1A-DFDE1E48F6A4}.Release|Any CPU.ActiveCfg = Release|Any CPU
		{5649FD38-9C02-4F57-AB1A-DFDE1E48F6A4}.Release|Any CPU.Build.0 = Release|Any CPU
	EndGlobalSection
	GlobalSection(SolutionProperties) = preSolution
		HideSolutionNode = FALSE
	EndGlobalSection
	GlobalSection(NestedProjects) = preSolution
		{EDFA9CC0-3EBB-4BF7-A02C-769DCD5D4D67} = {FCA509B1-4950-4BBB-96F3-2A850E2DE353}
		{E658E01B-BACB-439A-9084-80CA020D9E1A} = {FCA509B1-4950-4BBB-96F3-2A850E2DE353}
		{ACC88DD4-E6C2-468D-BB50-F37B83A00FDE} = {FCA509B1-4950-4BBB-96F3-2A850E2DE353}
		{8DC58415-BD69-4D76-A9F0-FC273822190E} = {FCA509B1-4950-4BBB-96F3-2A850E2DE353}
		{C74FBFFD-EA87-4C51-B3AC-B12D882EC1C6} = {FCA509B1-4950-4BBB-96F3-2A850E2DE353}
		{60EC2ADA-6127-4BFD-A465-3E26BDC306EF} = {2E6430D0-76B3-4C73-BD81-8F38797CE56F}
		{039D5F0B-7D48-4C4B-BC86-D21F5F2A5C6E} = {2E6430D0-76B3-4C73-BD81-8F38797CE56F}
		{5E80CE52-7206-4D21-8F7D-D2841B2FCAEE} = {2E6430D0-76B3-4C73-BD81-8F38797CE56F}
		{7DF40EE4-FBD8-479E-857E-19155194F2AA} = {2E6430D0-76B3-4C73-BD81-8F38797CE56F}
		{958979CA-2D78-4567-B595-BA613EDCCBAE} = {2E6430D0-76B3-4C73-BD81-8F38797CE56F}
		{7E7D5C2C-7E8A-44BD-AFBA-F60C0D9CCB73} = {7F6649CD-4952-49AF-8A15-9C5614ABFFCA}
		{282A5234-5AF2-437C-8F7D-E11ACAB6C6E1} = {7F6649CD-4952-49AF-8A15-9C5614ABFFCA}
		{0ACB8281-EDA8-4664-ADFD-E7F5B8709795} = {7F6649CD-4952-49AF-8A15-9C5614ABFFCA}
		{FB419379-7DB0-4999-BD5A-522D7BABD20A} = {7F6649CD-4952-49AF-8A15-9C5614ABFFCA}
		{7AEBD406-13F5-491B-8647-186D816A6E13} = {170EDB41-DE73-4510-B8DC-7F6407FE7C73}
		{7332ADDB-7D3F-4D45-B1B5-CDD6CC5CDB85} = {170EDB41-DE73-4510-B8DC-7F6407FE7C73}
		{269AB8BB-A16A-49FD-8764-E45AC5ABF8E3} = {170EDB41-DE73-4510-B8DC-7F6407FE7C73}
		{67A0B523-3DE5-458E-AEF2-F573651E63EC} = {170EDB41-DE73-4510-B8DC-7F6407FE7C73}
		{5649FD38-9C02-4F57-AB1A-DFDE1E48F6A4} = {58C25547-01C4-4030-ADE1-5B3D0F36DF74}
	EndGlobalSection
	GlobalSection(ExtensibilityGlobals) = postSolution
		SolutionGuid = {7D7C1FED-E8D9-441D-9286-962C181E5C9C}
	EndGlobalSection
EndGlobal
